// !$*UTF8*$!
{
	archiveVersion = 1;
	classes = {
	};
	objectVersion = 46;
	objects = {

/* Begin PBXBuildFile section */
		F94AD3DF1733394B00160A31 /* UIKit.framework in Frameworks */ = {isa = PBXBuildFile; fileRef = F94AD3DE1733394B00160A31 /* UIKit.framework */; };
		F94AD3E11733394B00160A31 /* Foundation.framework in Frameworks */ = {isa = PBXBuildFile; fileRef = F94AD3E01733394B00160A31 /* Foundation.framework */; };
		F94AD3E31733394B00160A31 /* CoreGraphics.framework in Frameworks */ = {isa = PBXBuildFile; fileRef = F94AD3E21733394B00160A31 /* CoreGraphics.framework */; };
		F94AD3E91733394B00160A31 /* InfoPlist.strings in Resources */ = {isa = PBXBuildFile; fileRef = F94AD3E71733394B00160A31 /* InfoPlist.strings */; };
		F94AD3EB1733394B00160A31 /* main.m in Sources */ = {isa = PBXBuildFile; fileRef = F94AD3EA1733394B00160A31 /* main.m */; };
		F94AD3EF1733394B00160A31 /* AFBAppDelegate.m in Sources */ = {isa = PBXBuildFile; fileRef = F94AD3EE1733394B00160A31 /* AFBAppDelegate.m */; };
		F94AD3F11733394B00160A31 /* Default.png in Resources */ = {isa = PBXBuildFile; fileRef = F94AD3F01733394B00160A31 /* Default.png */; };
		F94AD3F31733394B00160A31 /* Default@2x.png in Resources */ = {isa = PBXBuildFile; fileRef = F94AD3F21733394B00160A31 /* Default@2x.png */; };
		F94AD3F51733394B00160A31 /* Default-568h@2x.png in Resources */ = {isa = PBXBuildFile; fileRef = F94AD3F41733394B00160A31 /* Default-568h@2x.png */; };
		F94AD3FD1733394B00160A31 /* SenTestingKit.framework in Frameworks */ = {isa = PBXBuildFile; fileRef = F94AD3FC1733394B00160A31 /* SenTestingKit.framework */; };
		F94AD3FE1733394B00160A31 /* UIKit.framework in Frameworks */ = {isa = PBXBuildFile; fileRef = F94AD3DE1733394B00160A31 /* UIKit.framework */; };
		F94AD3FF1733394B00160A31 /* Foundation.framework in Frameworks */ = {isa = PBXBuildFile; fileRef = F94AD3E01733394B00160A31 /* Foundation.framework */; };
		F94AD4071733394B00160A31 /* InfoPlist.strings in Resources */ = {isa = PBXBuildFile; fileRef = F94AD4051733394B00160A31 /* InfoPlist.strings */; };
		F94AD40A1733394B00160A31 /* AFBBancBoxAPIWrapperTests.m in Sources */ = {isa = PBXBuildFile; fileRef = F94AD4091733394B00160A31 /* AFBBancBoxAPIWrapperTests.m */; };
/* End PBXBuildFile section */

/* Begin PBXContainerItemProxy section */
		F94AD4001733394B00160A31 /* PBXContainerItemProxy */ = {
			isa = PBXContainerItemProxy;
			containerPortal = F94AD3D31733394B00160A31 /* Project object */;
			proxyType = 1;
			remoteGlobalIDString = F94AD3DA1733394B00160A31;
			remoteInfo = AFBBancBoxAPIWrapper;
		};
/* End PBXContainerItemProxy section */

/* Begin PBXFileReference section */
		F94AD3DB1733394B00160A31 /* AFBBancBoxAPIWrapper.app */ = {isa = PBXFileReference; explicitFileType = wrapper.application; includeInIndex = 0; path = AFBBancBoxAPIWrapper.app; sourceTree = BUILT_PRODUCTS_DIR; };
		F94AD3DE1733394B00160A31 /* UIKit.framework */ = {isa = PBXFileReference; lastKnownFileType = wrapper.framework; name = UIKit.framework; path = System/Library/Frameworks/UIKit.framework; sourceTree = SDKROOT; };
		F94AD3E01733394B00160A31 /* Foundation.framework */ = {isa = PBXFileReference; lastKnownFileType = wrapper.framework; name = Foundation.framework; path = System/Library/Frameworks/Foundation.framework; sourceTree = SDKROOT; };
		F94AD3E21733394B00160A31 /* CoreGraphics.framework */ = {isa = PBXFileReference; lastKnownFileType = wrapper.framework; name = CoreGraphics.framework; path = System/Library/Frameworks/CoreGraphics.framework; sourceTree = SDKROOT; };
		F94AD3E61733394B00160A31 /* AFBBancBoxAPIWrapper-Info.plist */ = {isa = PBXFileReference; lastKnownFileType = text.plist.xml; path = "AFBBancBoxAPIWrapper-Info.plist"; sourceTree = "<group>"; };
		F94AD3E81733394B00160A31 /* en */ = {isa = PBXFileReference; lastKnownFileType = text.plist.strings; name = en; path = en.lproj/InfoPlist.strings; sourceTree = "<group>"; };
		F94AD3EA1733394B00160A31 /* main.m */ = {isa = PBXFileReference; lastKnownFileType = sourcecode.c.objc; path = main.m; sourceTree = "<group>"; };
		F94AD3EC1733394B00160A31 /* AFBBancBoxAPIWrapper-Prefix.pch */ = {isa = PBXFileReference; lastKnownFileType = sourcecode.c.h; path = "AFBBancBoxAPIWrapper-Prefix.pch"; sourceTree = "<group>"; };
		F94AD3ED1733394B00160A31 /* AFBAppDelegate.h */ = {isa = PBXFileReference; lastKnownFileType = sourcecode.c.h; path = AFBAppDelegate.h; sourceTree = "<group>"; };
		F94AD3EE1733394B00160A31 /* AFBAppDelegate.m */ = {isa = PBXFileReference; lastKnownFileType = sourcecode.c.objc; path = AFBAppDelegate.m; sourceTree = "<group>"; };
		F94AD3F01733394B00160A31 /* Default.png */ = {isa = PBXFileReference; lastKnownFileType = image.png; path = Default.png; sourceTree = "<group>"; };
		F94AD3F21733394B00160A31 /* Default@2x.png */ = {isa = PBXFileReference; lastKnownFileType = image.png; path = "Default@2x.png"; sourceTree = "<group>"; };
		F94AD3F41733394B00160A31 /* Default-568h@2x.png */ = {isa = PBXFileReference; lastKnownFileType = image.png; path = "Default-568h@2x.png"; sourceTree = "<group>"; };
		F94AD3FB1733394B00160A31 /* AFBBancBoxAPIWrapperTests.octest */ = {isa = PBXFileReference; explicitFileType = wrapper.cfbundle; includeInIndex = 0; path = AFBBancBoxAPIWrapperTests.octest; sourceTree = BUILT_PRODUCTS_DIR; };
		F94AD3FC1733394B00160A31 /* SenTestingKit.framework */ = {isa = PBXFileReference; lastKnownFileType = wrapper.framework; name = SenTestingKit.framework; path = Library/Frameworks/SenTestingKit.framework; sourceTree = DEVELOPER_DIR; };
		F94AD4041733394B00160A31 /* AFBBancBoxAPIWrapperTests-Info.plist */ = {isa = PBXFileReference; lastKnownFileType = text.plist.xml; path = "AFBBancBoxAPIWrapperTests-Info.plist"; sourceTree = "<group>"; };
		F94AD4061733394B00160A31 /* en */ = {isa = PBXFileReference; lastKnownFileType = text.plist.strings; name = en; path = en.lproj/InfoPlist.strings; sourceTree = "<group>"; };
		F94AD4081733394B00160A31 /* AFBBancBoxAPIWrapperTests.h */ = {isa = PBXFileReference; lastKnownFileType = sourcecode.c.h; path = AFBBancBoxAPIWrapperTests.h; sourceTree = "<group>"; };
		F94AD4091733394B00160A31 /* AFBBancBoxAPIWrapperTests.m */ = {isa = PBXFileReference; lastKnownFileType = sourcecode.c.objc; path = AFBBancBoxAPIWrapperTests.m; sourceTree = "<group>"; };
/* End PBXFileReference section */

/* Begin PBXFrameworksBuildPhase section */
		F94AD3D81733394B00160A31 /* Frameworks */ = {
			isa = PBXFrameworksBuildPhase;
			buildActionMask = 2147483647;
			files = (
				F94AD3DF1733394B00160A31 /* UIKit.framework in Frameworks */,
				F94AD3E11733394B00160A31 /* Foundation.framework in Frameworks */,
				F94AD3E31733394B00160A31 /* CoreGraphics.framework in Frameworks */,
			);
			runOnlyForDeploymentPostprocessing = 0;
		};
		F94AD3F71733394B00160A31 /* Frameworks */ = {
			isa = PBXFrameworksBuildPhase;
			buildActionMask = 2147483647;
			files = (
				F94AD3FD1733394B00160A31 /* SenTestingKit.framework in Frameworks */,
				F94AD3FE1733394B00160A31 /* UIKit.framework in Frameworks */,
				F94AD3FF1733394B00160A31 /* Foundation.framework in Frameworks */,
			);
			runOnlyForDeploymentPostprocessing = 0;
		};
/* End PBXFrameworksBuildPhase section */

/* Begin PBXGroup section */
		F94AD3D21733394B00160A31 = {
			isa = PBXGroup;
			children = (
				F94AD3E41733394B00160A31 /* AFBBancBoxAPIWrapper */,
				F94AD4021733394B00160A31 /* AFBBancBoxAPIWrapperTests */,
				F94AD3DD1733394B00160A31 /* Frameworks */,
				F94AD3DC1733394B00160A31 /* Products */,
			);
			sourceTree = "<group>";
		};
		F94AD3DC1733394B00160A31 /* Products */ = {
			isa = PBXGroup;
			children = (
				F94AD3DB1733394B00160A31 /* AFBBancBoxAPIWrapper.app */,
				F94AD3FB1733394B00160A31 /* AFBBancBoxAPIWrapperTests.octest */,
			);
			name = Products;
			sourceTree = "<group>";
		};
		F94AD3DD1733394B00160A31 /* Frameworks */ = {
			isa = PBXGroup;
			children = (
				F94AD3DE1733394B00160A31 /* UIKit.framework */,
				F94AD3E01733394B00160A31 /* Foundation.framework */,
				F94AD3E21733394B00160A31 /* CoreGraphics.framework */,
				F94AD3FC1733394B00160A31 /* SenTestingKit.framework */,
			);
			name = Frameworks;
			sourceTree = "<group>";
		};
		F94AD3E41733394B00160A31 /* AFBBancBoxAPIWrapper */ = {
			isa = PBXGroup;
			children = (
				F94AD3ED1733394B00160A31 /* AFBAppDelegate.h */,
				F94AD3EE1733394B00160A31 /* AFBAppDelegate.m */,
				F94AD3E51733394B00160A31 /* Supporting Files */,
			);
			path = AFBBancBoxAPIWrapper;
			sourceTree = "<group>";
		};
		F94AD3E51733394B00160A31 /* Supporting Files */ = {
			isa = PBXGroup;
			children = (
				F94AD3E61733394B00160A31 /* AFBBancBoxAPIWrapper-Info.plist */,
				F94AD3E71733394B00160A31 /* InfoPlist.strings */,
				F94AD3EA1733394B00160A31 /* main.m */,
				F94AD3EC1733394B00160A31 /* AFBBancBoxAPIWrapper-Prefix.pch */,
				F94AD3F01733394B00160A31 /* Default.png */,
				F94AD3F21733394B00160A31 /* Default@2x.png */,
				F94AD3F41733394B00160A31 /* Default-568h@2x.png */,
			);
			name = "Supporting Files";
			sourceTree = "<group>";
		};
		F94AD4021733394B00160A31 /* AFBBancBoxAPIWrapperTests */ = {
			isa = PBXGroup;
			children = (
				F94AD4081733394B00160A31 /* AFBBancBoxAPIWrapperTests.h */,
				F94AD4091733394B00160A31 /* AFBBancBoxAPIWrapperTests.m */,
				F94AD4031733394B00160A31 /* Supporting Files */,
			);
			path = AFBBancBoxAPIWrapperTests;
			sourceTree = "<group>";
		};
		F94AD4031733394B00160A31 /* Supporting Files */ = {
			isa = PBXGroup;
			children = (
				F94AD4041733394B00160A31 /* AFBBancBoxAPIWrapperTests-Info.plist */,
				F94AD4051733394B00160A31 /* InfoPlist.strings */,
			);
			name = "Supporting Files";
			sourceTree = "<group>";
		};
/* End PBXGroup section */

/* Begin PBXNativeTarget section */
		F94AD3DA1733394B00160A31 /* AFBBancBoxAPIWrapper */ = {
			isa = PBXNativeTarget;
			buildConfigurationList = F94AD40D1733394B00160A31 /* Build configuration list for PBXNativeTarget "AFBBancBoxAPIWrapper" */;
			buildPhases = (
				F94AD3D71733394B00160A31 /* Sources */,
				F94AD3D81733394B00160A31 /* Frameworks */,
				F94AD3D91733394B00160A31 /* Resources */,
			);
			buildRules = (
			);
			dependencies = (
			);
			name = AFBBancBoxAPIWrapper;
			productName = AFBBancBoxAPIWrapper;
			productReference = F94AD3DB1733394B00160A31 /* AFBBancBoxAPIWrapper.app */;
			productType = "com.apple.product-type.application";
		};
		F94AD3FA1733394B00160A31 /* AFBBancBoxAPIWrapperTests */ = {
			isa = PBXNativeTarget;
			buildConfigurationList = F94AD4101733394B00160A31 /* Build configuration list for PBXNativeTarget "AFBBancBoxAPIWrapperTests" */;
			buildPhases = (
				F94AD3F61733394B00160A31 /* Sources */,
				F94AD3F71733394B00160A31 /* Frameworks */,
				F94AD3F81733394B00160A31 /* Resources */,
				F94AD3F91733394B00160A31 /* ShellScript */,
			);
			buildRules = (
			);
			dependencies = (
				F94AD4011733394B00160A31 /* PBXTargetDependency */,
			);
			name = AFBBancBoxAPIWrapperTests;
			productName = AFBBancBoxAPIWrapperTests;
			productReference = F94AD3FB1733394B00160A31 /* AFBBancBoxAPIWrapperTests.octest */;
			productType = "com.apple.product-type.bundle";
		};
/* End PBXNativeTarget section */

/* Begin PBXProject section */
		F94AD3D31733394B00160A31 /* Project object */ = {
			isa = PBXProject;
			attributes = {
				CLASSPREFIX = AFB;
				LastUpgradeCheck = 0460;
				ORGANIZATIONNAME = "Adam Block";
			};
			buildConfigurationList = F94AD3D61733394B00160A31 /* Build configuration list for PBXProject "AFBBancBoxAPIWrapper" */;
			compatibilityVersion = "Xcode 3.2";
			developmentRegion = English;
			hasScannedForEncodings = 0;
			knownRegions = (
				en,
			);
			mainGroup = F94AD3D21733394B00160A31;
			productRefGroup = F94AD3DC1733394B00160A31 /* Products */;
			projectDirPath = "";
			projectRoot = "";
			targets = (
				F94AD3DA1733394B00160A31 /* AFBBancBoxAPIWrapper */,
				F94AD3FA1733394B00160A31 /* AFBBancBoxAPIWrapperTests */,
			);
		};
/* End PBXProject section */

/* Begin PBXResourcesBuildPhase section */
		F94AD3D91733394B00160A31 /* Resources */ = {
			isa = PBXResourcesBuildPhase;
			buildActionMask = 2147483647;
			files = (
				F94AD3E91733394B00160A31 /* InfoPlist.strings in Resources */,
				F94AD3F11733394B00160A31 /* Default.png in Resources */,
				F94AD3F31733394B00160A31 /* Default@2x.png in Resources */,
				F94AD3F51733394B00160A31 /* Default-568h@2x.png in Resources */,
			);
			runOnlyForDeploymentPostprocessing = 0;
		};
		F94AD3F81733394B00160A31 /* Resources */ = {
			isa = PBXResourcesBuildPhase;
			buildActionMask = 2147483647;
			files = (
				F94AD4071733394B00160A31 /* InfoPlist.strings in Resources */,
			);
			runOnlyForDeploymentPostprocessing = 0;
		};
/* End PBXResourcesBuildPhase section */

/* Begin PBXShellScriptBuildPhase section */
		F94AD3F91733394B00160A31 /* ShellScript */ = {
			isa = PBXShellScriptBuildPhase;
			buildActionMask = 2147483647;
			files = (
			);
			inputPaths = (
			);
			outputPaths = (
			);
			runOnlyForDeploymentPostprocessing = 0;
			shellPath = /bin/sh;
			shellScript = "# Run the unit tests in this test bundle.\n\"${SYSTEM_DEVELOPER_DIR}/Tools/RunUnitTests\"\n";
		};
/* End PBXShellScriptBuildPhase section */

/* Begin PBXSourcesBuildPhase section */
		F94AD3D71733394B00160A31 /* Sources */ = {
			isa = PBXSourcesBuildPhase;
			buildActionMask = 2147483647;
			files = (
				F94AD3EB1733394B00160A31 /* main.m in Sources */,
				F94AD3EF1733394B00160A31 /* AFBAppDelegate.m in Sources */,
			);
			runOnlyForDeploymentPostprocessing = 0;
		};
		F94AD3F61733394B00160A31 /* Sources */ = {
			isa = PBXSourcesBuildPhase;
			buildActionMask = 2147483647;
			files = (
				F94AD40A1733394B00160A31 /* AFBBancBoxAPIWrapperTests.m in Sources */,
			);
			runOnlyForDeploymentPostprocessing = 0;
		};
/* End PBXSourcesBuildPhase section */

/* Begin PBXTargetDependency section */
		F94AD4011733394B00160A31 /* PBXTargetDependency */ = {
			isa = PBXTargetDependency;
			target = F94AD3DA1733394B00160A31 /* AFBBancBoxAPIWrapper */;
			targetProxy = F94AD4001733394B00160A31 /* PBXContainerItemProxy */;
		};
/* End PBXTargetDependency section */

/* Begin PBXVariantGroup section */
		F94AD3E71733394B00160A31 /* InfoPlist.strings */ = {
			isa = PBXVariantGroup;
			children = (
				F94AD3E81733394B00160A31 /* en */,
			);
			name = InfoPlist.strings;
			sourceTree = "<group>";
		};
		F94AD4051733394B00160A31 /* InfoPlist.strings */ = {
			isa = PBXVariantGroup;
			children = (
				F94AD4061733394B00160A31 /* en */,
			);
			name = InfoPlist.strings;
			sourceTree = "<group>";
		};
/* End PBXVariantGroup section */

/* Begin XCBuildConfiguration section */
		F94AD40B1733394B00160A31 /* Debug */ = {
			isa = XCBuildConfiguration;
			buildSettings = {
				ALWAYS_SEARCH_USER_PATHS = NO;
				CLANG_CXX_LANGUAGE_STANDARD = "gnu++0x";
				CLANG_CXX_LIBRARY = "libc++";
				CLANG_ENABLE_OBJC_ARC = YES;
				CLANG_WARN_CONSTANT_CONVERSION = YES;
				CLANG_WARN_EMPTY_BODY = YES;
				CLANG_WARN_ENUM_CONVERSION = YES;
				CLANG_WARN_INT_CONVERSION = YES;
				CLANG_WARN__DUPLICATE_METHOD_MATCH = YES;
				"CODE_SIGN_IDENTITY[sdk=iphoneos*]" = "iPhone Developer";
				COPY_PHASE_STRIP = NO;
				GCC_C_LANGUAGE_STANDARD = gnu99;
				GCC_DYNAMIC_NO_PIC = NO;
				GCC_OPTIMIZATION_LEVEL = 0;
				GCC_PREPROCESSOR_DEFINITIONS = (
					"DEBUG=1",
					"$(inherited)",
				);
				GCC_SYMBOLS_PRIVATE_EXTERN = NO;
				GCC_WARN_ABOUT_RETURN_TYPE = YES;
				GCC_WARN_UNINITIALIZED_AUTOS = YES;
				GCC_WARN_UNUSED_VARIABLE = YES;
				IPHONEOS_DEPLOYMENT_TARGET = 6.1;
				ONLY_ACTIVE_ARCH = YES;
				SDKROOT = iphoneos;
				TARGETED_DEVICE_FAMILY = "1,2";
			};
			name = Debug;
		};
		F94AD40C1733394B00160A31 /* Release */ = {
			isa = XCBuildConfiguration;
			buildSettings = {
				ALWAYS_SEARCH_USER_PATHS = NO;
				CLANG_CXX_LANGUAGE_STANDARD = "gnu++0x";
				CLANG_CXX_LIBRARY = "libc++";
				CLANG_ENABLE_OBJC_ARC = YES;
				CLANG_WARN_CONSTANT_CONVERSION = YES;
				CLANG_WARN_EMPTY_BODY = YES;
				CLANG_WARN_ENUM_CONVERSION = YES;
				CLANG_WARN_INT_CONVERSION = YES;
				CLANG_WARN__DUPLICATE_METHOD_MATCH = YES;
				"CODE_SIGN_IDENTITY[sdk=iphoneos*]" = "iPhone Developer";
				COPY_PHASE_STRIP = YES;
				GCC_C_LANGUAGE_STANDARD = gnu99;
				GCC_WARN_ABOUT_RETURN_TYPE = YES;
				GCC_WARN_UNINITIALIZED_AUTOS = YES;
				GCC_WARN_UNUSED_VARIABLE = YES;
				IPHONEOS_DEPLOYMENT_TARGET = 6.1;
				OTHER_CFLAGS = "-DNS_BLOCK_ASSERTIONS=1";
				SDKROOT = iphoneos;
				TARGETED_DEVICE_FAMILY = "1,2";
				VALIDATE_PRODUCT = YES;
			};
			name = Release;
		};
		F94AD40E1733394B00160A31 /* Debug */ = {
			isa = XCBuildConfiguration;
			buildSettings = {
				GCC_PRECOMPILE_PREFIX_HEADER = YES;
				GCC_PREFIX_HEADER = "AFBBancBoxAPIWrapper/AFBBancBoxAPIWrapper-Prefix.pch";
				INFOPLIST_FILE = "AFBBancBoxAPIWrapper/AFBBancBoxAPIWrapper-Info.plist";
				PRODUCT_NAME = "$(TARGET_NAME)";
				WRAPPER_EXTENSION = app;
			};
			name = Debug;
		};
		F94AD40F1733394B00160A31 /* Release */ = {
			isa = XCBuildConfiguration;
			buildSettings = {
				GCC_PRECOMPILE_PREFIX_HEADER = YES;
				GCC_PREFIX_HEADER = "AFBBancBoxAPIWrapper/AFBBancBoxAPIWrapper-Prefix.pch";
				INFOPLIST_FILE = "AFBBancBoxAPIWrapper/AFBBancBoxAPIWrapper-Info.plist";
				PRODUCT_NAME = "$(TARGET_NAME)";
				WRAPPER_EXTENSION = app;
			};
			name = Release;
		};
		F94AD4111733394B00160A31 /* Debug */ = {
			isa = XCBuildConfiguration;
			buildSettings = {
				BUNDLE_LOADER = "$(BUILT_PRODUCTS_DIR)/AFBBancBoxAPIWrapper.app/AFBBancBoxAPIWrapper";
				FRAMEWORK_SEARCH_PATHS = (
					"\"$(SDKROOT)/Developer/Library/Frameworks\"",
					"\"$(DEVELOPER_LIBRARY_DIR)/Frameworks\"",
				);
				GCC_PRECOMPILE_PREFIX_HEADER = YES;
				GCC_PREFIX_HEADER = "AFBBancBoxAPIWrapper/AFBBancBoxAPIWrapper-Prefix.pch";
				INFOPLIST_FILE = "AFBBancBoxAPIWrapperTests/AFBBancBoxAPIWrapperTests-Info.plist";
				PRODUCT_NAME = "$(TARGET_NAME)";
				TEST_HOST = "$(BUNDLE_LOADER)";
				WRAPPER_EXTENSION = octest;
			};
			name = Debug;
		};
		F94AD4121733394B00160A31 /* Release */ = {
			isa = XCBuildConfiguration;
			buildSettings = {
				BUNDLE_LOADER = "$(BUILT_PRODUCTS_DIR)/AFBBancBoxAPIWrapper.app/AFBBancBoxAPIWrapper";
				FRAMEWORK_SEARCH_PATHS = (
					"\"$(SDKROOT)/Developer/Library/Frameworks\"",
					"\"$(DEVELOPER_LIBRARY_DIR)/Frameworks\"",
				);
				GCC_PRECOMPILE_PREFIX_HEADER = YES;
				GCC_PREFIX_HEADER = "AFBBancBoxAPIWrapper/AFBBancBoxAPIWrapper-Prefix.pch";
				INFOPLIST_FILE = "AFBBancBoxAPIWrapperTests/AFBBancBoxAPIWrapperTests-Info.plist";
				PRODUCT_NAME = "$(TARGET_NAME)";
				TEST_HOST = "$(BUNDLE_LOADER)";
				WRAPPER_EXTENSION = octest;
			};
			name = Release;
		};
/* End XCBuildConfiguration section */

/* Begin XCConfigurationList section */
		F94AD3D61733394B00160A31 /* Build configuration list for PBXProject "AFBBancBoxAPIWrapper" */ = {
			isa = XCConfigurationList;
			buildConfigurations = (
				F94AD40B1733394B00160A31 /* Debug */,
				F94AD40C1733394B00160A31 /* Release */,
			);
			defaultConfigurationIsVisible = 0;
			defaultConfigurationName = Release;
		};
		F94AD40D1733394B00160A31 /* Build configuration list for PBXNativeTarget "AFBBancBoxAPIWrapper" */ = {
			isa = XCConfigurationList;
			buildConfigurations = (
				F94AD40E1733394B00160A31 /* Debug */,
				F94AD40F1733394B00160A31 /* Release */,
			);
			defaultConfigurationIsVisible = 0;
		};
		F94AD4101733394B00160A31 /* Build configuration list for PBXNativeTarget "AFBBancBoxAPIWrapperTests" */ = {
			isa = XCConfigurationList;
			buildConfigurations = (
				F94AD4111733394B00160A31 /* Debug */,
				F94AD4121733394B00160A31 /* Release */,
			);
			defaultConfigurationIsVisible = 0;
		};
/* End XCConfigurationList section */
	};
	rootObject = F94AD3D31733394B00160A31 /* Project object */;
}
